
Microsoft Visual Studio Solution File, Format Version 12.00
# Visual Studio Version 17
VisualStudioVersion = 17.14.36603.0 d17.14
MinimumVisualStudioVersion = 10.0.40219.1
Project("{FAE04EC0-301F-11D3-BF4B-00C04F79EFBC}") = "Exam-backend", "Exam-backend.csproj", "{D6C9F939-CAFD-483D-89AB-D786ED814B19}"
EndProject
Global
	GlobalSection(SolutionConfigurationPlatforms) = preSolution
		Debug|Any CPU = Debug|Any CPU
		Release|Any CPU = Release|Any CPU
	EndGlobalSection
	GlobalSection(ProjectConfigurationPlatforms) = postSolution
		{D6C9F939-CAFD-483D-89AB-D786ED814B19}.Debug|Any CPU.ActiveCfg = Debug|Any CPU
		{D6C9F939-CAFD-483D-89AB-D786ED814B19}.Debug|Any CPU.Build.0 = Debug|Any CPU
		{D6C9F939-CAFD-483D-89AB-D786ED814B19}.Release|Any CPU.ActiveCfg = Release|Any CPU
		{D6C9F939-CAFD-483D-89AB-D786ED814B19}.Release|Any CPU.Build.0 = Release|Any CPU
	EndGlobalSection
	GlobalSection(SolutionProperties) = preSolution
		HideSolutionNode = FALSE
	EndGlobalSection
	GlobalSection(ExtensibilityGlobals) = postSolution
		SolutionGuid = {3E012A0F-D9BB-4C7F-A049-1BCF2F1E489A}
	EndGlobalSection
EndGlobal
